// !$*UTF8*$!
{
	archiveVersion = 1;
	classes = {
	};
	objectVersion = 46;
	objects = {
/* Begin PBXBuildFile section */
		0207DA581B56EA530066E2B4 /* Images.xcassets in Resources */ = {isa = PBXBuildFile; fileRef = 0207DA571B56EA530066E2B4 /* Images.xcassets */; };
		1D3623260D0F684500981E51 /* AppDelegate.m in Sources */ = {isa = PBXBuildFile; fileRef = 1D3623250D0F684500981E51 /* AppDelegate.m */; };
		1D60589B0D05DD56006BFB54 /* main.m in Sources */ = {isa = PBXBuildFile; fileRef = 29B97316FDCFA39411CA2CEA /* main.m */; };
		301BF552109A68D80062928A /* libCordova.a in Frameworks */ = {isa = PBXBuildFile; fileRef = 301BF535109A57CC0062928A /* libCordova.a */; };
		302D95F114D2391D003F00A1 /* MainViewController.m in Sources */ = {isa = PBXBuildFile; fileRef = 302D95EF14D2391D003F00A1 /* MainViewController.m */; };
		302D95F214D2391D003F00A1 /* MainViewController.xib in Resources */ = {isa = PBXBuildFile; fileRef = 302D95F014D2391D003F00A1 /* MainViewController.xib */; };
		3047A5121AB8059700498E2A /* build-debug.xcconfig in Resources */ = {isa = PBXBuildFile; fileRef = 3047A50F1AB8059700498E2A /* build-debug.xcconfig */; };
		3047A5131AB8059700498E2A /* build-release.xcconfig in Resources */ = {isa = PBXBuildFile; fileRef = 3047A5101AB8059700498E2A /* build-release.xcconfig */; };
		3047A5141AB8059700498E2A /* build.xcconfig in Resources */ = {isa = PBXBuildFile; fileRef = 3047A5111AB8059700498E2A /* build.xcconfig */; };
		BE2A48C8437E47499F01F8C7 /* CDVBattery.m in Sources */ = {isa = PBXBuildFile; fileRef = 7BA8496E5ABC4401AF1B57D1 /* CDVBattery.m */; };
		2A9C621EF4B1482B97FEA672 /* UIImage+CropScaleOrientation.m in Sources */ = {isa = PBXBuildFile; fileRef = F588C7293BE0430688C7FC62 /* UIImage+CropScaleOrientation.m */; };
		25DF5C9DC08A46F0A6EB073B /* CDVCamera.m in Sources */ = {isa = PBXBuildFile; fileRef = 92776FAD40F74ED093C165BE /* CDVCamera.m */; };
		140E8C4B388A4E1BBCB0E850 /* CDVJpegHeaderWriter.m in Sources */ = {isa = PBXBuildFile; fileRef = 6499D25D8E864A8D8EFA1CEA /* CDVJpegHeaderWriter.m */; };
		B460449F04A9465A95891DE4 /* ImageIO.framework in Frameworks */ = {isa = PBXBuildFile; fileRef = 7B4B9621736C4FC7ABA5D1BA /* ImageIO.framework */; settings = {ATTRIBUTES = (Weak, ); }; };
		ACDE48F6190C423699A17184 /* CoreLocation.framework in Frameworks */ = {isa = PBXBuildFile; fileRef = 06BBB5E48ED148F6AE009ACD /* CoreLocation.framework */; };
		6F3B2C0C9984496B98BE3C1A /* AVFoundation.framework in Frameworks */ = {isa = PBXBuildFile; fileRef = 802B5A1E76AB4416850B00EB /* AVFoundation.framework */; };
		B986147639B4457C9D24E99F /* CDVLogger.m in Sources */ = {isa = PBXBuildFile; fileRef = F26FF7093AA841CDBD7BD4F8 /* CDVLogger.m */; };
		7716DFA8FE49433799C16A59 /* CDVContacts.m in Sources */ = {isa = PBXBuildFile; fileRef = 44E707B8DC3749AF96F6C890 /* CDVContacts.m */; };
		4357A75ED68641C192B7ED40 /* CDVContact.m in Sources */ = {isa = PBXBuildFile; fileRef = 18E36D51E8D04A0E89C30846 /* CDVContact.m */; };
		4058BC2DB75141DFBE5059E7 /* AddressBook.framework in Frameworks */ = {isa = PBXBuildFile; fileRef = E261CB70306844C982A61741 /* AddressBook.framework */; settings = {ATTRIBUTES = (Weak, ); }; };
		C3C310EA30564BAF87920215 /* AddressBookUI.framework in Frameworks */ = {isa = PBXBuildFile; fileRef = 3A6653E180CD4044BDB53E6B /* AddressBookUI.framework */; settings = {ATTRIBUTES = (Weak, ); }; };
		0604A9A9A0DA4F8AB45F24FE /* CDVDevice.m in Sources */ = {isa = PBXBuildFile; fileRef = 7338575ACDE540A5BE09FC0B /* CDVDevice.m */; };
		CE5C384D28544DE4BC4DD280 /* CDVAccelerometer.m in Sources */ = {isa = PBXBuildFile; fileRef = 1834AF789D1D46AAAFBDDB75 /* CDVAccelerometer.m */; };
		92B3899930054AEDADEA1DBD /* CoreMotion.framework in Frameworks */ = {isa = PBXBuildFile; fileRef = 1A466C3A9FA64C35B612EEDF /* CoreMotion.framework */; };
		871483351CC245B08A27112E /* CDVCompass.m in Sources */ = {isa = PBXBuildFile; fileRef = BA7A51E40DA744B793E15113 /* CDVCompass.m */; };
		6F9B8537497E42E9BC2F0CF6 /* CDVNotification.m in Sources */ = {isa = PBXBuildFile; fileRef = 93709B5D22BF413C82FF81E4 /* CDVNotification.m */; };
		7F306A28A24846799DF9C28F /* CDVNotification.bundle in Resources */ = {isa = PBXBuildFile; fileRef = 493C515D04F94B298B9BA87F /* CDVNotification.bundle */; };
		8395B40450884D59AE13009E /* AudioToolbox.framework in Frameworks */ = {isa = PBXBuildFile; fileRef = 56A770860A5F475991C34384 /* AudioToolbox.framework */; settings = {ATTRIBUTES = (Weak, ); }; };
		CFE354B9628A4695BE91DD92 /* CDVFile.m in Sources */ = {isa = PBXBuildFile; fileRef = 28647612187942A8AD7A39FD /* CDVFile.m */; };
		E846F330A8634F1791F3E2A3 /* CDVLocalFilesystem.m in Sources */ = {isa = PBXBuildFile; fileRef = 971C3EE4F7624C2393F75C5F /* CDVLocalFilesystem.m */; };
		36DC579379784776B358DE48 /* CDVAssetLibraryFilesystem.m in Sources */ = {isa = PBXBuildFile; fileRef = B3E02C8DF31B43668C13E140 /* CDVAssetLibraryFilesystem.m */; };
		DF4E30EF7FB546FDB54D3385 /* CDVFileTransfer.m in Sources */ = {isa = PBXBuildFile; fileRef = A427DF0B1A54422A84D01369 /* CDVFileTransfer.m */; };
		3D46E81CF8784547B8CB3F26 /* CDVLocation.m in Sources */ = {isa = PBXBuildFile; fileRef = 7DC9F9530FEB4A58AB9E2201 /* CDVLocation.m */; };
		AF6054749999474495587E91 /* CDVGlobalization.m in Sources */ = {isa = PBXBuildFile; fileRef = 93EFEE4EECB74078BA92441C /* CDVGlobalization.m */; };
		0269256B22524E0ABA01A635 /* CDVInAppBrowser.m in Sources */ = {isa = PBXBuildFile; fileRef = A285BD5404194C13B6E03A99 /* CDVInAppBrowser.m */; };
		223969F541AE41178AA72DA9 /* CDVSound.m in Sources */ = {isa = PBXBuildFile; fileRef = E2A64D4D2C8F49308396AA5F /* CDVSound.m */; };
		856B5C324C3544FAAAEF26F4 /* CDVCapture.m in Sources */ = {isa = PBXBuildFile; fileRef = C1E397EA598F4CF1BCAD74B0 /* CDVCapture.m */; };
		DA4357D484F94CFC9B2D468A /* CDVCapture.bundle in Resources */ = {isa = PBXBuildFile; fileRef = E61A588BF1DB4BAFA59161A0 /* CDVCapture.bundle */; };
		CE271AE750284B5BA23AEE4A /* CDVConnection.m in Sources */ = {isa = PBXBuildFile; fileRef = E3493918B7FB44C0BEF8C5E6 /* CDVConnection.m */; };
		D003223960D94847B45E5CBD /* CDVReachability.m in Sources */ = {isa = PBXBuildFile; fileRef = 49D471FC76F64270B1CEDB6A /* CDVReachability.m */; };
		CFFEDE2CB51649F2BD34D952 /* SystemConfiguration.framework in Frameworks */ = {isa = PBXBuildFile; fileRef = 7D1334F79229488A9E491E9A /* SystemConfiguration.framework */; settings = {ATTRIBUTES = (Weak, ); }; };
		5687A0BDF3C0479EB5A9E593 /* CoreTelephony.framework in Frameworks */ = {isa = PBXBuildFile; fileRef = 89C33B6FA2C84D2D9D002689 /* CoreTelephony.framework */; };
		52A3282EDF60438996F0EFB8 /* CDVSplashScreen.m in Sources */ = {isa = PBXBuildFile; fileRef = 21C376CD96C84C6489419ADF /* CDVSplashScreen.m */; };
		1C2591BC1FA043D18183D519 /* CDVViewController+SplashScreen.m in Sources */ = {isa = PBXBuildFile; fileRef = 0738A3FD7D5E4C15AD36E514 /* CDVViewController+SplashScreen.m */; };
		AD72A44867DD468CB8888D1E /* CDVStatusBar.m in Sources */ = {isa = PBXBuildFile; fileRef = FDE1CD5722E44391BD21A774 /* CDVStatusBar.m */; };
		06C1A5B032E74E6AA589368D /* CDVVibration.m in Sources */ = {isa = PBXBuildFile; fileRef = 21BFA68671D6463184C61C93 /* CDVVibration.m */; };
/* End PBXBuildFile section */

/* Begin PBXContainerItemProxy section */
		301BF534109A57CC0062928A /* PBXContainerItemProxy */ = {
			isa = PBXContainerItemProxy;
			containerPortal = 301BF52D109A57CC0062928A /* CordovaLib.xcodeproj */;
			proxyType = 2;
			remoteGlobalIDString = D2AAC07E0554694100DB518D;
			remoteInfo = CordovaLib;
		};
		301BF550109A68C00062928A /* PBXContainerItemProxy */ = {
			isa = PBXContainerItemProxy;
			containerPortal = 301BF52D109A57CC0062928A /* CordovaLib.xcodeproj */;
			proxyType = 1;
			remoteGlobalIDString = D2AAC07D0554694100DB518D;
			remoteInfo = CordovaLib;
		};
/* End PBXContainerItemProxy section */

/* Begin PBXFileReference section */
		0207DA571B56EA530066E2B4 /* Images.xcassets */ = {isa = PBXFileReference; lastKnownFileType = folder.assetcatalog; name = Images.xcassets; path = "WhereAmI/Images.xcassets"; sourceTree = SOURCE_ROOT; };
		1D3623240D0F684500981E51 /* AppDelegate.h */ = {isa = PBXFileReference; fileEncoding = 4; lastKnownFileType = sourcecode.c.h; path = AppDelegate.h; sourceTree = "<group>"; };
		1D3623250D0F684500981E51 /* AppDelegate.m */ = {isa = PBXFileReference; fileEncoding = 4; lastKnownFileType = sourcecode.c.objc; path = AppDelegate.m; sourceTree = "<group>"; };
		1D6058910D05DD3D006BFB54 /* WhereAmI.app */ = {isa = PBXFileReference; explicitFileType = wrapper.application; includeInIndex = 0; path = "WhereAmI.app"; sourceTree = BUILT_PRODUCTS_DIR; };
		29B97316FDCFA39411CA2CEA /* main.m */ = {isa = PBXFileReference; fileEncoding = 4; lastKnownFileType = sourcecode.c.objc; path = main.m; sourceTree = "<group>"; };
		301BF52D109A57CC0062928A /* CordovaLib.xcodeproj */ = {isa = PBXFileReference; lastKnownFileType = "wrapper.pb-project"; name = CordovaLib.xcodeproj; path = CordovaLib/CordovaLib.xcodeproj; sourceTree = "<group>"; };
		301BF56E109A69640062928A /* www */ = {isa = PBXFileReference; lastKnownFileType = folder; path = www; sourceTree = SOURCE_ROOT; };
		302D95EE14D2391D003F00A1 /* MainViewController.h */ = {isa = PBXFileReference; fileEncoding = 4; lastKnownFileType = sourcecode.c.h; path = MainViewController.h; sourceTree = "<group>"; };
		302D95EF14D2391D003F00A1 /* MainViewController.m */ = {isa = PBXFileReference; fileEncoding = 4; lastKnownFileType = sourcecode.c.objc; path = MainViewController.m; sourceTree = "<group>"; };
		302D95F014D2391D003F00A1 /* MainViewController.xib */ = {isa = PBXFileReference; fileEncoding = 4; lastKnownFileType = file.xib; path = MainViewController.xib; sourceTree = "<group>"; };
		3047A50F1AB8059700498E2A /* build-debug.xcconfig */ = {isa = PBXFileReference; fileEncoding = 4; lastKnownFileType = text.xcconfig; name = "build-debug.xcconfig"; path = cordova/build-debug.xcconfig; sourceTree = SOURCE_ROOT; };
		3047A5101AB8059700498E2A /* build-release.xcconfig */ = {isa = PBXFileReference; fileEncoding = 4; lastKnownFileType = text.xcconfig; name = "build-release.xcconfig"; path = cordova/build-release.xcconfig; sourceTree = SOURCE_ROOT; };
		3047A5111AB8059700498E2A /* build.xcconfig */ = {isa = PBXFileReference; fileEncoding = 4; lastKnownFileType = text.xcconfig; name = build.xcconfig; path = cordova/build.xcconfig; sourceTree = SOURCE_ROOT; };
		32CA4F630368D1EE00C91783 /* WhereAmI-Prefix.pch */ = {isa = PBXFileReference; fileEncoding = 4; lastKnownFileType = sourcecode.c.h; path = "WhereAmI-Prefix.pch"; sourceTree = "<group>"; };
		8D1107310486CEB800E47090 /* WhereAmI-Info.plist */ = {isa = PBXFileReference; fileEncoding = 4; lastKnownFileType = text.plist.xml; name = "WhereAmI-Info.plist"; path = "WhereAmI/WhereAmI-Info.plist"; plistStructureDefinitionIdentifier = "com.apple.xcode.plist.structure-definition.iphone.info-plist"; sourceTree = SOURCE_ROOT; };
		EB87FDF31871DA8E0020F90C /* www */ = {isa = PBXFileReference; lastKnownFileType = folder; name = www; path = ../../www; sourceTree = "<group>"; };
		EB87FDF41871DAF40020F90C /* config.xml */ = {isa = PBXFileReference; lastKnownFileType = text.xml; name = config.xml; path = ../../config.xml; sourceTree = "<group>"; };
		F840E1F0165FE0F500CFE078 /* config.xml */ = {isa = PBXFileReference; lastKnownFileType = text.xml; name = config.xml; path = "WhereAmI/config.xml"; sourceTree = "<group>"; };
		ED33DF2A687741AEAF9F8254 /* Bridging-Header.h */ = {isa = PBXFileReference; fileEncoding = 4; lastKnownFileType = sourcecode.c.h; name = "Bridging-Header.h"; path = "Bridging-Header.h"; sourceTree = "<group>"; };
		7BA8496E5ABC4401AF1B57D1 /* CDVBattery.m */ = {isa = PBXFileReference; name = "CDVBattery.m"; path = "cordova-plugin-battery-status/CDVBattery.m"; sourceTree = "<group>"; fileEncoding = 4; lastKnownFileType = sourcecode.c.objc; explicitFileType = undefined; includeInIndex = 0; };
		18EBBBFB30D048AB82759D98 /* CDVBattery.h */ = {isa = PBXFileReference; name = "CDVBattery.h"; path = "cordova-plugin-battery-status/CDVBattery.h"; sourceTree = "<group>"; fileEncoding = 4; lastKnownFileType = sourcecode.c.h; explicitFileType = undefined; includeInIndex = 0; };
		F588C7293BE0430688C7FC62 /* UIImage+CropScaleOrientation.m */ = {isa = PBXFileReference; name = "UIImage+CropScaleOrientation.m"; path = "cordova-plugin-camera/UIImage+CropScaleOrientation.m"; sourceTree = "<group>"; fileEncoding = 4; lastKnownFileType = sourcecode.c.objc; explicitFileType = undefined; includeInIndex = 0; };
		92776FAD40F74ED093C165BE /* CDVCamera.m */ = {isa = PBXFileReference; name = "CDVCamera.m"; path = "cordova-plugin-camera/CDVCamera.m"; sourceTree = "<group>"; fileEncoding = 4; lastKnownFileType = sourcecode.c.objc; explicitFileType = undefined; includeInIndex = 0; };
		6499D25D8E864A8D8EFA1CEA /* CDVJpegHeaderWriter.m */ = {isa = PBXFileReference; name = "CDVJpegHeaderWriter.m"; path = "cordova-plugin-camera/CDVJpegHeaderWriter.m"; sourceTree = "<group>"; fileEncoding = 4; lastKnownFileType = sourcecode.c.objc; explicitFileType = undefined; includeInIndex = 0; };
		8B278B12338C4F92AC9DAE81 /* UIImage+CropScaleOrientation.h */ = {isa = PBXFileReference; name = "UIImage+CropScaleOrientation.h"; path = "cordova-plugin-camera/UIImage+CropScaleOrientation.h"; sourceTree = "<group>"; fileEncoding = 4; lastKnownFileType = sourcecode.c.h; explicitFileType = undefined; includeInIndex = 0; };
		D00B2D0D088546D690D8761A /* CDVCamera.h */ = {isa = PBXFileReference; name = "CDVCamera.h"; path = "cordova-plugin-camera/CDVCamera.h"; sourceTree = "<group>"; fileEncoding = 4; lastKnownFileType = sourcecode.c.h; explicitFileType = undefined; includeInIndex = 0; };
		A16BDA7021844B738D88D0E9 /* CDVJpegHeaderWriter.h */ = {isa = PBXFileReference; name = "CDVJpegHeaderWriter.h"; path = "cordova-plugin-camera/CDVJpegHeaderWriter.h"; sourceTree = "<group>"; fileEncoding = 4; lastKnownFileType = sourcecode.c.h; explicitFileType = undefined; includeInIndex = 0; };
		EAC2BF03A86E46DE98058497 /* CDVExif.h */ = {isa = PBXFileReference; name = "CDVExif.h"; path = "cordova-plugin-camera/CDVExif.h"; sourceTree = "<group>"; fileEncoding = 4; lastKnownFileType = sourcecode.c.h; explicitFileType = undefined; includeInIndex = 0; };
		7B4B9621736C4FC7ABA5D1BA /* ImageIO.framework */ = {isa = PBXFileReference; name = "ImageIO.framework"; path = "System/Library/Frameworks/ImageIO.framework"; sourceTree = SDKROOT; fileEncoding = undefined; lastKnownFileType = wrapper.framework; explicitFileType = undefined; includeInIndex = 0; };
		06BBB5E48ED148F6AE009ACD /* CoreLocation.framework */ = {isa = PBXFileReference; name = "CoreLocation.framework"; path = "System/Library/Frameworks/CoreLocation.framework"; sourceTree = SDKROOT; fileEncoding = undefined; lastKnownFileType = wrapper.framework; explicitFileType = undefined; includeInIndex = 0; };
		802B5A1E76AB4416850B00EB /* AVFoundation.framework */ = {isa = PBXFileReference; name = "AVFoundation.framework"; path = "System/Library/Frameworks/AVFoundation.framework"; sourceTree = SDKROOT; fileEncoding = undefined; lastKnownFileType = wrapper.framework; explicitFileType = undefined; includeInIndex = 0; };
		F26FF7093AA841CDBD7BD4F8 /* CDVLogger.m */ = {isa = PBXFileReference; name = "CDVLogger.m"; path = "cordova-plugin-console/CDVLogger.m"; sourceTree = "<group>"; fileEncoding = 4; lastKnownFileType = sourcecode.c.objc; explicitFileType = undefined; includeInIndex = 0; };
		3013E29640EA498DA8C48A02 /* CDVLogger.h */ = {isa = PBXFileReference; name = "CDVLogger.h"; path = "cordova-plugin-console/CDVLogger.h"; sourceTree = "<group>"; fileEncoding = 4; lastKnownFileType = sourcecode.c.h; explicitFileType = undefined; includeInIndex = 0; };
		44E707B8DC3749AF96F6C890 /* CDVContacts.m */ = {isa = PBXFileReference; name = "CDVContacts.m"; path = "cordova-plugin-contacts/CDVContacts.m"; sourceTree = "<group>"; fileEncoding = 4; lastKnownFileType = sourcecode.c.objc; explicitFileType = undefined; includeInIndex = 0; };
		18E36D51E8D04A0E89C30846 /* CDVContact.m */ = {isa = PBXFileReference; name = "CDVContact.m"; path = "cordova-plugin-contacts/CDVContact.m"; sourceTree = "<group>"; fileEncoding = 4; lastKnownFileType = sourcecode.c.objc; explicitFileType = undefined; includeInIndex = 0; };
		D671DC09B68E45D8BE2FFFEF /* CDVContacts.h */ = {isa = PBXFileReference; name = "CDVContacts.h"; path = "cordova-plugin-contacts/CDVContacts.h"; sourceTree = "<group>"; fileEncoding = 4; lastKnownFileType = sourcecode.c.h; explicitFileType = undefined; includeInIndex = 0; };
		9793E65850AC41E0B03A94C2 /* CDVContact.h */ = {isa = PBXFileReference; name = "CDVContact.h"; path = "cordova-plugin-contacts/CDVContact.h"; sourceTree = "<group>"; fileEncoding = 4; lastKnownFileType = sourcecode.c.h; explicitFileType = undefined; includeInIndex = 0; };
		E261CB70306844C982A61741 /* AddressBook.framework */ = {isa = PBXFileReference; name = "AddressBook.framework"; path = "System/Library/Frameworks/AddressBook.framework"; sourceTree = SDKROOT; fileEncoding = undefined; lastKnownFileType = wrapper.framework; explicitFileType = undefined; includeInIndex = 0; };
		3A6653E180CD4044BDB53E6B /* AddressBookUI.framework */ = {isa = PBXFileReference; name = "AddressBookUI.framework"; path = "System/Library/Frameworks/AddressBookUI.framework"; sourceTree = SDKROOT; fileEncoding = undefined; lastKnownFileType = wrapper.framework; explicitFileType = undefined; includeInIndex = 0; };
		7338575ACDE540A5BE09FC0B /* CDVDevice.m */ = {isa = PBXFileReference; name = "CDVDevice.m"; path = "cordova-plugin-device/CDVDevice.m"; sourceTree = "<group>"; fileEncoding = 4; lastKnownFileType = sourcecode.c.objc; explicitFileType = undefined; includeInIndex = 0; };
		E51E14B46F044CDCBDB3E162 /* CDVDevice.h */ = {isa = PBXFileReference; name = "CDVDevice.h"; path = "cordova-plugin-device/CDVDevice.h"; sourceTree = "<group>"; fileEncoding = 4; lastKnownFileType = sourcecode.c.h; explicitFileType = undefined; includeInIndex = 0; };
		1834AF789D1D46AAAFBDDB75 /* CDVAccelerometer.m */ = {isa = PBXFileReference; name = "CDVAccelerometer.m"; path = "cordova-plugin-device-motion/CDVAccelerometer.m"; sourceTree = "<group>"; fileEncoding = 4; lastKnownFileType = sourcecode.c.objc; explicitFileType = undefined; includeInIndex = 0; };
		643A49A52FA44224A6DFE7D1 /* CDVAccelerometer.h */ = {isa = PBXFileReference; name = "CDVAccelerometer.h"; path = "cordova-plugin-device-motion/CDVAccelerometer.h"; sourceTree = "<group>"; fileEncoding = 4; lastKnownFileType = sourcecode.c.h; explicitFileType = undefined; includeInIndex = 0; };
		1A466C3A9FA64C35B612EEDF /* CoreMotion.framework */ = {isa = PBXFileReference; name = "CoreMotion.framework"; path = "System/Library/Frameworks/CoreMotion.framework"; sourceTree = SDKROOT; fileEncoding = undefined; lastKnownFileType = wrapper.framework; explicitFileType = undefined; includeInIndex = 0; };
		BA7A51E40DA744B793E15113 /* CDVCompass.m */ = {isa = PBXFileReference; name = "CDVCompass.m"; path = "cordova-plugin-device-orientation/CDVCompass.m"; sourceTree = "<group>"; fileEncoding = 4; lastKnownFileType = sourcecode.c.objc; explicitFileType = undefined; includeInIndex = 0; };
		997C1B898388482D97352104 /* CDVCompass.h */ = {isa = PBXFileReference; name = "CDVCompass.h"; path = "cordova-plugin-device-orientation/CDVCompass.h"; sourceTree = "<group>"; fileEncoding = 4; lastKnownFileType = sourcecode.c.h; explicitFileType = undefined; includeInIndex = 0; };
		93709B5D22BF413C82FF81E4 /* CDVNotification.m */ = {isa = PBXFileReference; name = "CDVNotification.m"; path = "cordova-plugin-dialogs/CDVNotification.m"; sourceTree = "<group>"; fileEncoding = 4; lastKnownFileType = sourcecode.c.objc; explicitFileType = undefined; includeInIndex = 0; };
		F638D0B7AD204467A80D10AB /* CDVNotification.h */ = {isa = PBXFileReference; name = "CDVNotification.h"; path = "cordova-plugin-dialogs/CDVNotification.h"; sourceTree = "<group>"; fileEncoding = 4; lastKnownFileType = sourcecode.c.h; explicitFileType = undefined; includeInIndex = 0; };
		493C515D04F94B298B9BA87F /* CDVNotification.bundle */ = {isa = PBXFileReference; name = "CDVNotification.bundle"; path = "CDVNotification.bundle"; sourceTree = "<group>"; fileEncoding = undefined; lastKnownFileType = wrapper.plug-in; explicitFileType = undefined; includeInIndex = 0; };
		56A770860A5F475991C34384 /* AudioToolbox.framework */ = {isa = PBXFileReference; name = "AudioToolbox.framework"; path = "System/Library/Frameworks/AudioToolbox.framework"; sourceTree = SDKROOT; fileEncoding = undefined; lastKnownFileType = wrapper.framework; explicitFileType = undefined; includeInIndex = 0; };
		28647612187942A8AD7A39FD /* CDVFile.m */ = {isa = PBXFileReference; name = "CDVFile.m"; path = "cordova-plugin-file/CDVFile.m"; sourceTree = "<group>"; fileEncoding = 4; lastKnownFileType = sourcecode.c.objc; explicitFileType = undefined; includeInIndex = 0; };
		971C3EE4F7624C2393F75C5F /* CDVLocalFilesystem.m */ = {isa = PBXFileReference; name = "CDVLocalFilesystem.m"; path = "cordova-plugin-file/CDVLocalFilesystem.m"; sourceTree = "<group>"; fileEncoding = 4; lastKnownFileType = sourcecode.c.objc; explicitFileType = undefined; includeInIndex = 0; };
		B3E02C8DF31B43668C13E140 /* CDVAssetLibraryFilesystem.m */ = {isa = PBXFileReference; name = "CDVAssetLibraryFilesystem.m"; path = "cordova-plugin-file/CDVAssetLibraryFilesystem.m"; sourceTree = "<group>"; fileEncoding = 4; lastKnownFileType = sourcecode.c.objc; explicitFileType = undefined; includeInIndex = 0; };
		FA29D5DF924343E09B296CD1 /* CDVFile.h */ = {isa = PBXFileReference; name = "CDVFile.h"; path = "cordova-plugin-file/CDVFile.h"; sourceTree = "<group>"; fileEncoding = 4; lastKnownFileType = sourcecode.c.h; explicitFileType = undefined; includeInIndex = 0; };
		847C373AE4D648579770D78B /* CDVLocalFilesystem.h */ = {isa = PBXFileReference; name = "CDVLocalFilesystem.h"; path = "cordova-plugin-file/CDVLocalFilesystem.h"; sourceTree = "<group>"; fileEncoding = 4; lastKnownFileType = sourcecode.c.h; explicitFileType = undefined; includeInIndex = 0; };
		30D4EE01B8114630BB284CB8 /* CDVAssetLibraryFilesystem.h */ = {isa = PBXFileReference; name = "CDVAssetLibraryFilesystem.h"; path = "cordova-plugin-file/CDVAssetLibraryFilesystem.h"; sourceTree = "<group>"; fileEncoding = 4; lastKnownFileType = sourcecode.c.h; explicitFileType = undefined; includeInIndex = 0; };
		A427DF0B1A54422A84D01369 /* CDVFileTransfer.m */ = {isa = PBXFileReference; name = "CDVFileTransfer.m"; path = "cordova-plugin-file-transfer/CDVFileTransfer.m"; sourceTree = "<group>"; fileEncoding = 4; lastKnownFileType = sourcecode.c.objc; explicitFileType = undefined; includeInIndex = 0; };
		021C207B5D45450A8BF7B400 /* CDVFileTransfer.h */ = {isa = PBXFileReference; name = "CDVFileTransfer.h"; path = "cordova-plugin-file-transfer/CDVFileTransfer.h"; sourceTree = "<group>"; fileEncoding = 4; lastKnownFileType = sourcecode.c.h; explicitFileType = undefined; includeInIndex = 0; };
		7DC9F9530FEB4A58AB9E2201 /* CDVLocation.m */ = {isa = PBXFileReference; name = "CDVLocation.m"; path = "cordova-plugin-geolocation/CDVLocation.m"; sourceTree = "<group>"; fileEncoding = 4; lastKnownFileType = sourcecode.c.objc; explicitFileType = undefined; includeInIndex = 0; };
		E092E099FD2D48A5B3C7EF59 /* CDVLocation.h */ = {isa = PBXFileReference; name = "CDVLocation.h"; path = "cordova-plugin-geolocation/CDVLocation.h"; sourceTree = "<group>"; fileEncoding = 4; lastKnownFileType = sourcecode.c.h; explicitFileType = undefined; includeInIndex = 0; };
		93EFEE4EECB74078BA92441C /* CDVGlobalization.m */ = {isa = PBXFileReference; name = "CDVGlobalization.m"; path = "cordova-plugin-globalization/CDVGlobalization.m"; sourceTree = "<group>"; fileEncoding = 4; lastKnownFileType = sourcecode.c.objc; explicitFileType = undefined; includeInIndex = 0; };
		E648BBA15B3C491F933A5F6C /* CDVGlobalization.h */ = {isa = PBXFileReference; name = "CDVGlobalization.h"; path = "cordova-plugin-globalization/CDVGlobalization.h"; sourceTree = "<group>"; fileEncoding = 4; lastKnownFileType = sourcecode.c.h; explicitFileType = undefined; includeInIndex = 0; };
		A285BD5404194C13B6E03A99 /* CDVInAppBrowser.m */ = {isa = PBXFileReference; name = "CDVInAppBrowser.m"; path = "cordova-plugin-inappbrowser/CDVInAppBrowser.m"; sourceTree = "<group>"; fileEncoding = 4; lastKnownFileType = sourcecode.c.objc; explicitFileType = undefined; includeInIndex = 0; };
		179AABAC80744C1495390EF0 /* CDVInAppBrowser.h */ = {isa = PBXFileReference; name = "CDVInAppBrowser.h"; path = "cordova-plugin-inappbrowser/CDVInAppBrowser.h"; sourceTree = "<group>"; fileEncoding = 4; lastKnownFileType = sourcecode.c.h; explicitFileType = undefined; includeInIndex = 0; };
		E2A64D4D2C8F49308396AA5F /* CDVSound.m */ = {isa = PBXFileReference; name = "CDVSound.m"; path = "cordova-plugin-media/CDVSound.m"; sourceTree = "<group>"; fileEncoding = 4; lastKnownFileType = sourcecode.c.objc; explicitFileType = undefined; includeInIndex = 0; };
		3E4C98C90227496BB8F85195 /* CDVSound.h */ = {isa = PBXFileReference; name = "CDVSound.h"; path = "cordova-plugin-media/CDVSound.h"; sourceTree = "<group>"; fileEncoding = 4; lastKnownFileType = sourcecode.c.h; explicitFileType = undefined; includeInIndex = 0; };
		C1E397EA598F4CF1BCAD74B0 /* CDVCapture.m */ = {isa = PBXFileReference; name = "CDVCapture.m"; path = "cordova-plugin-media-capture/CDVCapture.m"; sourceTree = "<group>"; fileEncoding = 4; lastKnownFileType = sourcecode.c.objc; explicitFileType = undefined; includeInIndex = 0; };
		1E12CCCBAC3A4C948881B613 /* CDVCapture.h */ = {isa = PBXFileReference; name = "CDVCapture.h"; path = "cordova-plugin-media-capture/CDVCapture.h"; sourceTree = "<group>"; fileEncoding = 4; lastKnownFileType = sourcecode.c.h; explicitFileType = undefined; includeInIndex = 0; };
		E61A588BF1DB4BAFA59161A0 /* CDVCapture.bundle */ = {isa = PBXFileReference; name = "CDVCapture.bundle"; path = "CDVCapture.bundle"; sourceTree = "<group>"; fileEncoding = undefined; lastKnownFileType = wrapper.plug-in; explicitFileType = undefined; includeInIndex = 0; };
		E3493918B7FB44C0BEF8C5E6 /* CDVConnection.m */ = {isa = PBXFileReference; name = "CDVConnection.m"; path = "cordova-plugin-network-information/CDVConnection.m"; sourceTree = "<group>"; fileEncoding = 4; lastKnownFileType = sourcecode.c.objc; explicitFileType = undefined; includeInIndex = 0; };
		49D471FC76F64270B1CEDB6A /* CDVReachability.m */ = {isa = PBXFileReference; name = "CDVReachability.m"; path = "cordova-plugin-network-information/CDVReachability.m"; sourceTree = "<group>"; fileEncoding = 4; lastKnownFileType = sourcecode.c.objc; explicitFileType = undefined; includeInIndex = 0; };
		8FF6D5076F4142538F6E19FD /* CDVConnection.h */ = {isa = PBXFileReference; name = "CDVConnection.h"; path = "cordova-plugin-network-information/CDVConnection.h"; sourceTree = "<group>"; fileEncoding = 4; lastKnownFileType = sourcecode.c.h; explicitFileType = undefined; includeInIndex = 0; };
		425D514B257249C88DC42A90 /* CDVReachability.h */ = {isa = PBXFileReference; name = "CDVReachability.h"; path = "cordova-plugin-network-information/CDVReachability.h"; sourceTree = "<group>"; fileEncoding = 4; lastKnownFileType = sourcecode.c.h; explicitFileType = undefined; includeInIndex = 0; };
		7D1334F79229488A9E491E9A /* SystemConfiguration.framework */ = {isa = PBXFileReference; name = "SystemConfiguration.framework"; path = "System/Library/Frameworks/SystemConfiguration.framework"; sourceTree = SDKROOT; fileEncoding = undefined; lastKnownFileType = wrapper.framework; explicitFileType = undefined; includeInIndex = 0; };
		89C33B6FA2C84D2D9D002689 /* CoreTelephony.framework */ = {isa = PBXFileReference; name = "CoreTelephony.framework"; path = "System/Library/Frameworks/CoreTelephony.framework"; sourceTree = SDKROOT; fileEncoding = undefined; lastKnownFileType = wrapper.framework; explicitFileType = undefined; includeInIndex = 0; };
		21C376CD96C84C6489419ADF /* CDVSplashScreen.m */ = {isa = PBXFileReference; name = "CDVSplashScreen.m"; path = "cordova-plugin-splashscreen/CDVSplashScreen.m"; sourceTree = "<group>"; fileEncoding = 4; lastKnownFileType = sourcecode.c.objc; explicitFileType = undefined; includeInIndex = 0; };
		0738A3FD7D5E4C15AD36E514 /* CDVViewController+SplashScreen.m */ = {isa = PBXFileReference; name = "CDVViewController+SplashScreen.m"; path = "cordova-plugin-splashscreen/CDVViewController+SplashScreen.m"; sourceTree = "<group>"; fileEncoding = 4; lastKnownFileType = sourcecode.c.objc; explicitFileType = undefined; includeInIndex = 0; };
		5583BF7D975A4622A3B6B94F /* CDVSplashScreen.h */ = {isa = PBXFileReference; name = "CDVSplashScreen.h"; path = "cordova-plugin-splashscreen/CDVSplashScreen.h"; sourceTree = "<group>"; fileEncoding = 4; lastKnownFileType = sourcecode.c.h; explicitFileType = undefined; includeInIndex = 0; };
		BB2B590DA37A4EAA854DA3F9 /* CDVViewController+SplashScreen.h */ = {isa = PBXFileReference; name = "CDVViewController+SplashScreen.h"; path = "cordova-plugin-splashscreen/CDVViewController+SplashScreen.h"; sourceTree = "<group>"; fileEncoding = 4; lastKnownFileType = sourcecode.c.h; explicitFileType = undefined; includeInIndex = 0; };
		FDE1CD5722E44391BD21A774 /* CDVStatusBar.m */ = {isa = PBXFileReference; name = "CDVStatusBar.m"; path = "cordova-plugin-statusbar/CDVStatusBar.m"; sourceTree = "<group>"; fileEncoding = 4; lastKnownFileType = sourcecode.c.objc; explicitFileType = undefined; includeInIndex = 0; };
		C07D1591C70942CAB93D9D3E /* CDVStatusBar.h */ = {isa = PBXFileReference; name = "CDVStatusBar.h"; path = "cordova-plugin-statusbar/CDVStatusBar.h"; sourceTree = "<group>"; fileEncoding = 4; lastKnownFileType = sourcecode.c.h; explicitFileType = undefined; includeInIndex = 0; };
		21BFA68671D6463184C61C93 /* CDVVibration.m */ = {isa = PBXFileReference; name = "CDVVibration.m"; path = "cordova-plugin-vibration/CDVVibration.m"; sourceTree = "<group>"; fileEncoding = 4; lastKnownFileType = sourcecode.c.objc; explicitFileType = undefined; includeInIndex = 0; };
		20AD2F4B51D2435F97AE5FC5 /* CDVVibration.h */ = {isa = PBXFileReference; name = "CDVVibration.h"; path = "cordova-plugin-vibration/CDVVibration.h"; sourceTree = "<group>"; fileEncoding = 4; lastKnownFileType = sourcecode.c.h; explicitFileType = undefined; includeInIndex = 0; };
/* End PBXFileReference section */

/* Begin PBXFrameworksBuildPhase section */
		1D60588F0D05DD3D006BFB54 /* Frameworks */ = {
			isa = PBXFrameworksBuildPhase;
			buildActionMask = 2147483647;
			files = (
				301BF552109A68D80062928A /* libCordova.a in Frameworks */,
				B460449F04A9465A95891DE4 /* ImageIO.framework in Frameworks */,
				ACDE48F6190C423699A17184 /* CoreLocation.framework in Frameworks */,
				6F3B2C0C9984496B98BE3C1A /* AVFoundation.framework in Frameworks */,
				4058BC2DB75141DFBE5059E7 /* AddressBook.framework in Frameworks */,
				C3C310EA30564BAF87920215 /* AddressBookUI.framework in Frameworks */,
				92B3899930054AEDADEA1DBD /* CoreMotion.framework in Frameworks */,
				8395B40450884D59AE13009E /* AudioToolbox.framework in Frameworks */,
				CFFEDE2CB51649F2BD34D952 /* SystemConfiguration.framework in Frameworks */,
				5687A0BDF3C0479EB5A9E593 /* CoreTelephony.framework in Frameworks */,
			);
			runOnlyForDeploymentPostprocessing = 0;
		};
/* End PBXFrameworksBuildPhase section */

/* Begin PBXGroup section */
		080E96DDFE201D6D7F000001 /* Classes */ = {
			isa = PBXGroup;
			children = (
				302D95EE14D2391D003F00A1 /* MainViewController.h */,
				302D95EF14D2391D003F00A1 /* MainViewController.m */,
				302D95F014D2391D003F00A1 /* MainViewController.xib */,
				1D3623240D0F684500981E51 /* AppDelegate.h */,
				1D3623250D0F684500981E51 /* AppDelegate.m */,
			);
			name = Classes;
			path = "WhereAmI/Classes";
			sourceTree = SOURCE_ROOT;
		};
		19C28FACFE9D520D11CA2CBB /* Products */ = {
			isa = PBXGroup;
			children = (
				1D6058910D05DD3D006BFB54 /* WhereAmI.app */,
			);
			name = Products;
			sourceTree = "<group>";
		};
		29B97314FDCFA39411CA2CEA /* CustomTemplate */ = {
			isa = PBXGroup;
			children = (
				EB87FDF41871DAF40020F90C /* config.xml */,
				EB87FDF31871DA8E0020F90C /* www */,
				EB87FDF11871DA420020F90C /* Staging */,
				301BF52D109A57CC0062928A /* CordovaLib.xcodeproj */,
				080E96DDFE201D6D7F000001 /* Classes */,
				307C750510C5A3420062BCA9 /* Plugins */,
				29B97315FDCFA39411CA2CEA /* Other Sources */,
				29B97317FDCFA39411CA2CEA /* Resources */,
				29B97323FDCFA39411CA2CEA /* Frameworks */,
				19C28FACFE9D520D11CA2CBB /* Products */,
			);
			name = CustomTemplate;
			sourceTree = "<group>";
		};
		29B97315FDCFA39411CA2CEA /* Other Sources */ = {
			isa = PBXGroup;
			children = (
				32CA4F630368D1EE00C91783 /* WhereAmI-Prefix.pch */,
				29B97316FDCFA39411CA2CEA /* main.m */,
				ED33DF2A687741AEAF9F8254 /* Bridging-Header.h */,
			);
			name = "Other Sources";
			path = "WhereAmI";
			sourceTree = "<group>";
		};
		29B97317FDCFA39411CA2CEA /* Resources */ = {
			isa = PBXGroup;
			children = (
				0207DA571B56EA530066E2B4 /* Images.xcassets */,
				3047A50E1AB8057F00498E2A /* config */,
				8D1107310486CEB800E47090 /* WhereAmI-Info.plist */,
				493C515D04F94B298B9BA87F /* CDVNotification.bundle */,
				E61A588BF1DB4BAFA59161A0 /* CDVCapture.bundle */,
			);
			name = Resources;
			path = "WhereAmI/Resources";
			sourceTree = "<group>";
		};
		29B97323FDCFA39411CA2CEA /* Frameworks */ = {
			isa = PBXGroup;
			children = (
				7B4B9621736C4FC7ABA5D1BA /* ImageIO.framework */,
				06BBB5E48ED148F6AE009ACD /* CoreLocation.framework */,
				802B5A1E76AB4416850B00EB /* AVFoundation.framework */,
				E261CB70306844C982A61741 /* AddressBook.framework */,
				3A6653E180CD4044BDB53E6B /* AddressBookUI.framework */,
				1A466C3A9FA64C35B612EEDF /* CoreMotion.framework */,
				56A770860A5F475991C34384 /* AudioToolbox.framework */,
				7D1334F79229488A9E491E9A /* SystemConfiguration.framework */,
				89C33B6FA2C84D2D9D002689 /* CoreTelephony.framework */,
			);
			name = Frameworks;
			sourceTree = "<group>";
		};
		301BF52E109A57CC0062928A /* Products */ = {
			isa = PBXGroup;
			children = (
				301BF535109A57CC0062928A /* libCordova.a */,
			);
			name = Products;
			sourceTree = "<group>";
		};
		3047A50E1AB8057F00498E2A /* config */ = {
			isa = PBXGroup;
			children = (
				3047A50F1AB8059700498E2A /* build-debug.xcconfig */,
				3047A5101AB8059700498E2A /* build-release.xcconfig */,
				3047A5111AB8059700498E2A /* build.xcconfig */,
			);
			name = config;
			sourceTree = "<group>";
		};
		307C750510C5A3420062BCA9 /* Plugins */ = {
			isa = PBXGroup;
			children = (
				7BA8496E5ABC4401AF1B57D1 /* CDVBattery.m */,
				18EBBBFB30D048AB82759D98 /* CDVBattery.h */,
				F588C7293BE0430688C7FC62 /* UIImage+CropScaleOrientation.m */,
				92776FAD40F74ED093C165BE /* CDVCamera.m */,
				6499D25D8E864A8D8EFA1CEA /* CDVJpegHeaderWriter.m */,
				8B278B12338C4F92AC9DAE81 /* UIImage+CropScaleOrientation.h */,
				D00B2D0D088546D690D8761A /* CDVCamera.h */,
				A16BDA7021844B738D88D0E9 /* CDVJpegHeaderWriter.h */,
				EAC2BF03A86E46DE98058497 /* CDVExif.h */,
				F26FF7093AA841CDBD7BD4F8 /* CDVLogger.m */,
				3013E29640EA498DA8C48A02 /* CDVLogger.h */,
				44E707B8DC3749AF96F6C890 /* CDVContacts.m */,
				18E36D51E8D04A0E89C30846 /* CDVContact.m */,
				D671DC09B68E45D8BE2FFFEF /* CDVContacts.h */,
				9793E65850AC41E0B03A94C2 /* CDVContact.h */,
				7338575ACDE540A5BE09FC0B /* CDVDevice.m */,
				E51E14B46F044CDCBDB3E162 /* CDVDevice.h */,
				1834AF789D1D46AAAFBDDB75 /* CDVAccelerometer.m */,
				643A49A52FA44224A6DFE7D1 /* CDVAccelerometer.h */,
				BA7A51E40DA744B793E15113 /* CDVCompass.m */,
				997C1B898388482D97352104 /* CDVCompass.h */,
				93709B5D22BF413C82FF81E4 /* CDVNotification.m */,
				F638D0B7AD204467A80D10AB /* CDVNotification.h */,
				28647612187942A8AD7A39FD /* CDVFile.m */,
				971C3EE4F7624C2393F75C5F /* CDVLocalFilesystem.m */,
				B3E02C8DF31B43668C13E140 /* CDVAssetLibraryFilesystem.m */,
				FA29D5DF924343E09B296CD1 /* CDVFile.h */,
				847C373AE4D648579770D78B /* CDVLocalFilesystem.h */,
				30D4EE01B8114630BB284CB8 /* CDVAssetLibraryFilesystem.h */,
				A427DF0B1A54422A84D01369 /* CDVFileTransfer.m */,
				021C207B5D45450A8BF7B400 /* CDVFileTransfer.h */,
				7DC9F9530FEB4A58AB9E2201 /* CDVLocation.m */,
				E092E099FD2D48A5B3C7EF59 /* CDVLocation.h */,
				93EFEE4EECB74078BA92441C /* CDVGlobalization.m */,
				E648BBA15B3C491F933A5F6C /* CDVGlobalization.h */,
				A285BD5404194C13B6E03A99 /* CDVInAppBrowser.m */,
				179AABAC80744C1495390EF0 /* CDVInAppBrowser.h */,
				E2A64D4D2C8F49308396AA5F /* CDVSound.m */,
				3E4C98C90227496BB8F85195 /* CDVSound.h */,
				C1E397EA598F4CF1BCAD74B0 /* CDVCapture.m */,
				1E12CCCBAC3A4C948881B613 /* CDVCapture.h */,
				E3493918B7FB44C0BEF8C5E6 /* CDVConnection.m */,
				49D471FC76F64270B1CEDB6A /* CDVReachability.m */,
				8FF6D5076F4142538F6E19FD /* CDVConnection.h */,
				425D514B257249C88DC42A90 /* CDVReachability.h */,
				21C376CD96C84C6489419ADF /* CDVSplashScreen.m */,
				0738A3FD7D5E4C15AD36E514 /* CDVViewController+SplashScreen.m */,
				5583BF7D975A4622A3B6B94F /* CDVSplashScreen.h */,
				BB2B590DA37A4EAA854DA3F9 /* CDVViewController+SplashScreen.h */,
				FDE1CD5722E44391BD21A774 /* CDVStatusBar.m */,
				C07D1591C70942CAB93D9D3E /* CDVStatusBar.h */,
				21BFA68671D6463184C61C93 /* CDVVibration.m */,
				20AD2F4B51D2435F97AE5FC5 /* CDVVibration.h */,
			);
			name = Plugins;
			path = "WhereAmI/Plugins";
			sourceTree = SOURCE_ROOT;
		};
		EB87FDF11871DA420020F90C /* Staging */ = {
			isa = PBXGroup;
			children = (
				F840E1F0165FE0F500CFE078 /* config.xml */,
				301BF56E109A69640062928A /* www */,
			);
			name = Staging;
			sourceTree = "<group>";
		};
/* End PBXGroup section */

/* Begin PBXNativeTarget section */
		1D6058900D05DD3D006BFB54 /* WhereAmI */ = {
			isa = PBXNativeTarget;
			buildConfigurationList = 1D6058960D05DD3E006BFB54 /* Build configuration list for PBXNativeTarget "WhereAmI" */;
			buildPhases = (
				304B58A110DAC018002A0835 /* Copy www directory */,
				1D60588D0D05DD3D006BFB54 /* Resources */,
				1D60588E0D05DD3D006BFB54 /* Sources */,
				1D60588F0D05DD3D006BFB54 /* Frameworks */,
			);
			buildRules = (
			);
			dependencies = (
				301BF551109A68C00062928A /* PBXTargetDependency */,
			);
			name = "WhereAmI";
			productName = "WhereAmI";
			productReference = 1D6058910D05DD3D006BFB54 /* WhereAmI.app */;
			productType = "com.apple.product-type.application";
		};
/* End PBXNativeTarget section */

/* Begin PBXProject section */
		29B97313FDCFA39411CA2CEA /* Project object */ = {
			isa = PBXProject;
			attributes = {
				LastUpgradeCheck = 510;
			};
			buildConfigurationList = C01FCF4E08A954540054247B /* Build configuration list for PBXProject "__NON-CLI__" */;
			compatibilityVersion = "Xcode 3.2";
			developmentRegion = English;
			hasScannedForEncodings = 1;
			mainGroup = 29B97314FDCFA39411CA2CEA /* CustomTemplate */;
			projectDirPath = "";
			projectReferences = (
				{
					ProductGroup = 301BF52E109A57CC0062928A /* Products */;
					ProjectRef = 301BF52D109A57CC0062928A /* CordovaLib.xcodeproj */;
				},
			);
			projectRoot = "";
			targets = (
				1D6058900D05DD3D006BFB54 /* WhereAmI */,
			);
		};
/* End PBXProject section */

/* Begin PBXReferenceProxy section */
		301BF535109A57CC0062928A /* libCordova.a */ = {
			isa = PBXReferenceProxy;
			fileType = archive.ar;
			path = libCordova.a;
			remoteRef = 301BF534109A57CC0062928A /* PBXContainerItemProxy */;
			sourceTree = BUILT_PRODUCTS_DIR;
		};
/* End PBXReferenceProxy section */

/* Begin PBXResourcesBuildPhase section */
		1D60588D0D05DD3D006BFB54 /* Resources */ = {
			isa = PBXResourcesBuildPhase;
			buildActionMask = 2147483647;
			files = (
				302D95F214D2391D003F00A1 /* MainViewController.xib in Resources */,
				3047A5131AB8059700498E2A /* build-release.xcconfig in Resources */,
				3047A5141AB8059700498E2A /* build.xcconfig in Resources */,
				0207DA581B56EA530066E2B4 /* Images.xcassets in Resources */,
				3047A5121AB8059700498E2A /* build-debug.xcconfig in Resources */,
				7F306A28A24846799DF9C28F /* CDVNotification.bundle in Resources */,
				DA4357D484F94CFC9B2D468A /* CDVCapture.bundle in Resources */,
			);
			runOnlyForDeploymentPostprocessing = 0;
		};
/* End PBXResourcesBuildPhase section */

/* Begin PBXShellScriptBuildPhase section */
		304B58A110DAC018002A0835 /* Copy www directory */ = {
			isa = PBXShellScriptBuildPhase;
			buildActionMask = 2147483647;
			files = (
			);
			inputPaths = (
			);
			name = "Copy www directory";
			outputPaths = (
			);
			runOnlyForDeploymentPostprocessing = 0;
			shellPath = /bin/sh;
			shellScript = "NODEJS_PATH=/usr/local/bin; NVM_NODE_PATH=~/.nvm/versions/node/`nvm version 2>/dev/null`/bin; N_NODE_PATH=`find /usr/local/n/versions/node/* -maxdepth 0 -type d 2>/dev/null | tail -1`/bin; XCODE_NODE_PATH=`xcode-select --print-path`/usr/share/xcs/Node/bin; PATH=$NODEJS_PATH:$NVM_NODE_PATH:$N_NODE_PATH:$XCODE_NODE_PATH:$PATH && node cordova/lib/copy-www-build-step.js";
			showEnvVarsInLog = 0;
		};
/* End PBXShellScriptBuildPhase section */

/* Begin PBXSourcesBuildPhase section */
		1D60588E0D05DD3D006BFB54 /* Sources */ = {
			isa = PBXSourcesBuildPhase;
			buildActionMask = 2147483647;
			files = (
				1D60589B0D05DD56006BFB54 /* main.m in Sources */,
				1D3623260D0F684500981E51 /* AppDelegate.m in Sources */,
				302D95F114D2391D003F00A1 /* MainViewController.m in Sources */,
				BE2A48C8437E47499F01F8C7 /* CDVBattery.m in Sources */,
				2A9C621EF4B1482B97FEA672 /* UIImage+CropScaleOrientation.m in Sources */,
				25DF5C9DC08A46F0A6EB073B /* CDVCamera.m in Sources */,
				140E8C4B388A4E1BBCB0E850 /* CDVJpegHeaderWriter.m in Sources */,
				B986147639B4457C9D24E99F /* CDVLogger.m in Sources */,
				7716DFA8FE49433799C16A59 /* CDVContacts.m in Sources */,
				4357A75ED68641C192B7ED40 /* CDVContact.m in Sources */,
				0604A9A9A0DA4F8AB45F24FE /* CDVDevice.m in Sources */,
				CE5C384D28544DE4BC4DD280 /* CDVAccelerometer.m in Sources */,
				871483351CC245B08A27112E /* CDVCompass.m in Sources */,
				6F9B8537497E42E9BC2F0CF6 /* CDVNotification.m in Sources */,
				CFE354B9628A4695BE91DD92 /* CDVFile.m in Sources */,
				E846F330A8634F1791F3E2A3 /* CDVLocalFilesystem.m in Sources */,
				36DC579379784776B358DE48 /* CDVAssetLibraryFilesystem.m in Sources */,
				DF4E30EF7FB546FDB54D3385 /* CDVFileTransfer.m in Sources */,
				3D46E81CF8784547B8CB3F26 /* CDVLocation.m in Sources */,
				AF6054749999474495587E91 /* CDVGlobalization.m in Sources */,
				0269256B22524E0ABA01A635 /* CDVInAppBrowser.m in Sources */,
				223969F541AE41178AA72DA9 /* CDVSound.m in Sources */,
				856B5C324C3544FAAAEF26F4 /* CDVCapture.m in Sources */,
				CE271AE750284B5BA23AEE4A /* CDVConnection.m in Sources */,
				D003223960D94847B45E5CBD /* CDVReachability.m in Sources */,
				52A3282EDF60438996F0EFB8 /* CDVSplashScreen.m in Sources */,
				1C2591BC1FA043D18183D519 /* CDVViewController+SplashScreen.m in Sources */,
				AD72A44867DD468CB8888D1E /* CDVStatusBar.m in Sources */,
				06C1A5B032E74E6AA589368D /* CDVVibration.m in Sources */,
			);
			runOnlyForDeploymentPostprocessing = 0;
		};
/* End PBXSourcesBuildPhase section */

/* Begin PBXTargetDependency section */
		301BF551109A68C00062928A /* PBXTargetDependency */ = {
			isa = PBXTargetDependency;
			name = CordovaLib;
			targetProxy = 301BF550109A68C00062928A /* PBXContainerItemProxy */;
		};
/* End PBXTargetDependency section */

/* Begin XCBuildConfiguration section */
		1D6058940D05DD3E006BFB54 /* Debug */ = {
			isa = XCBuildConfiguration;
			baseConfigurationReference = 3047A50F1AB8059700498E2A /* build-debug.xcconfig */;
			buildSettings = {
				ALWAYS_SEARCH_USER_PATHS = NO;
				ASSETCATALOG_COMPILER_APPICON_NAME = AppIcon;
				ASSETCATALOG_COMPILER_LAUNCHIMAGE_NAME = LaunchImage;
				CLANG_ENABLE_MODULES = YES;
				CLANG_ENABLE_OBJC_ARC = YES;
				COPY_PHASE_STRIP = NO;
				GCC_DYNAMIC_NO_PIC = NO;
				GCC_OPTIMIZATION_LEVEL = 0;
				GCC_PRECOMPILE_PREFIX_HEADER = YES;
				GCC_PREFIX_HEADER = "WhereAmI/WhereAmI-Prefix.pch";
				GCC_THUMB_SUPPORT = NO;
				GCC_VERSION = "";
				INFOPLIST_FILE = "WhereAmI/WhereAmI-Info.plist";
				LD_RUNPATH_SEARCH_PATHS = "@executable_path/Frameworks";
				PRODUCT_NAME = "WhereAmI";
			};
			name = Debug;
		};
		1D6058950D05DD3E006BFB54 /* Release */ = {
			isa = XCBuildConfiguration;
			baseConfigurationReference = 3047A5101AB8059700498E2A /* build-release.xcconfig */;
			buildSettings = {
				ALWAYS_SEARCH_USER_PATHS = NO;
				ASSETCATALOG_COMPILER_APPICON_NAME = AppIcon;
				ASSETCATALOG_COMPILER_LAUNCHIMAGE_NAME = LaunchImage;
				CLANG_ENABLE_MODULES = YES;
				CLANG_ENABLE_OBJC_ARC = YES;
				COPY_PHASE_STRIP = YES;
				GCC_PRECOMPILE_PREFIX_HEADER = YES;
				GCC_PREFIX_HEADER = "WhereAmI/WhereAmI-Prefix.pch";
				GCC_THUMB_SUPPORT = NO;
				GCC_VERSION = "";
				INFOPLIST_FILE = "WhereAmI/WhereAmI-Info.plist";
				PRODUCT_NAME = "WhereAmI";
			};
			name = Release;
		};
		C01FCF4F08A954540054247B /* Debug */ = {
			isa = XCBuildConfiguration;
			baseConfigurationReference = 3047A5111AB8059700498E2A /* build.xcconfig */;
			buildSettings = {
				CLANG_ENABLE_MODULES = YES;
				CLANG_ENABLE_OBJC_ARC = YES;
				CLANG_WARN_BOOL_CONVERSION = YES;
				CLANG_WARN_CONSTANT_CONVERSION = YES;
				CLANG_WARN_EMPTY_BODY = YES;
				CLANG_WARN_ENUM_CONVERSION = YES;
				CLANG_WARN_INT_CONVERSION = YES;
				CLANG_WARN__DUPLICATE_METHOD_MATCH = YES;
				GCC_C_LANGUAGE_STANDARD = c99;
				GCC_THUMB_SUPPORT = NO;
				GCC_VERSION = "";
				GCC_WARN_ABOUT_RETURN_TYPE = YES;
				GCC_WARN_UNDECLARED_SELECTOR = YES;
				GCC_WARN_UNINITIALIZED_AUTOS = YES;
				GCC_WARN_UNUSED_FUNCTION = YES;
				GCC_WARN_UNUSED_VARIABLE = YES;
				ONLY_ACTIVE_ARCH = YES;
				SDKROOT = iphoneos;
				SKIP_INSTALL = NO;
			};
			name = Debug;
		};
		C01FCF5008A954540054247B /* Release */ = {
			isa = XCBuildConfiguration;
			baseConfigurationReference = 3047A5111AB8059700498E2A /* build.xcconfig */;
			buildSettings = {
				CLANG_ENABLE_MODULES = YES;
				CLANG_ENABLE_OBJC_ARC = YES;
				CLANG_WARN_BOOL_CONVERSION = YES;
				CLANG_WARN_CONSTANT_CONVERSION = YES;
				CLANG_WARN_EMPTY_BODY = YES;
				CLANG_WARN_ENUM_CONVERSION = YES;
				CLANG_WARN_INT_CONVERSION = YES;
				CLANG_WARN__DUPLICATE_METHOD_MATCH = YES;
				GCC_C_LANGUAGE_STANDARD = c99;
				GCC_THUMB_SUPPORT = NO;
				GCC_VERSION = "";
				GCC_WARN_ABOUT_RETURN_TYPE = YES;
				GCC_WARN_UNDECLARED_SELECTOR = YES;
				GCC_WARN_UNINITIALIZED_AUTOS = YES;
				GCC_WARN_UNUSED_FUNCTION = YES;
				GCC_WARN_UNUSED_VARIABLE = YES;
				SDKROOT = iphoneos;
				SKIP_INSTALL = NO;
			};
			name = Release;
		};
/* End XCBuildConfiguration section */

/* Begin XCConfigurationList section */
		1D6058960D05DD3E006BFB54 /* Build configuration list for PBXNativeTarget "WhereAmI" */ = {
			isa = XCConfigurationList;
			buildConfigurations = (
				1D6058940D05DD3E006BFB54 /* Debug */,
				1D6058950D05DD3E006BFB54 /* Release */,
			);
			defaultConfigurationIsVisible = 0;
			defaultConfigurationName = Release;
		};
		C01FCF4E08A954540054247B /* Build configuration list for PBXProject "__NON-CLI__" */ = {
			isa = XCConfigurationList;
			buildConfigurations = (
				C01FCF4F08A954540054247B /* Debug */,
				C01FCF5008A954540054247B /* Release */,
			);
			defaultConfigurationIsVisible = 0;
			defaultConfigurationName = Release;
		};
/* End XCConfigurationList section */
	};
	rootObject = 29B97313FDCFA39411CA2CEA /* Project object */;
}
